PODS:
  - Alamofire (4.5.1)
  - Charts (3.0.4):
    - Charts/Core (= 3.0.4)
  - Charts/Core (3.0.4)
  - INSPhotoGallery (1.2.3)
  - KeychainAccess (3.1.0)
  - SDWebImage (4.2.1):
    - SDWebImage/Core (= 4.2.1)
  - SDWebImage/Core (4.2.1)
  - STRegex (1.1.0)
  - SwiftyJSON (3.1.4)
  - Sync (4.0.3)

DEPENDENCIES:
  - Alamofire (~> 4.5)
  - Charts
  - INSPhotoGallery
  - KeychainAccess (~> 3.1.0)
  - SDWebImage (~> 4.0)
  - STRegex (~> 1.0)
  - SwiftyJSON (~> 3.1.4)
  - Sync (~> 4)

SPEC CHECKSUMS:
  Alamofire: 2d95912bf4c34f164fdfc335872e8c312acaea4a
  Charts: 0705898046257443f0afbbc3179f4b67507b6e48
  INSPhotoGallery: 2c07e4a5b5be1b4fd49c0c1f16eed28c6fe8a15d
  KeychainAccess: 94c5540b32eabf7bc32bfb976a268e8ea05fd6da
  SDWebImage: 1fa4c9edf525b744f002db89f3f5a38b3cd4c541
  STRegex: eb1f4c2fe9e2f0265b8df8634774cd8cd8914018
  SwiftyJSON: c2842d878f95482ffceec5709abc3d05680c0220
  Sync: 0490b72e3322ba86095f603d7230bec36749f249

PODFILE CHECKSUM: efed406ce4064dc9010e048f642e19089b59cd95

COCOAPODS: 1.2.1
