// !$*UTF8*$!
{
	archiveVersion = 1;
	classes = {
	};
	objectVersion = 48;
	objects = {

/* Begin PBXBuildFile section */
		186FF0DA1FF771BD0047B87F /* MyReportsTableViewController.swift in Sources */ = {isa = PBXBuildFile; fileRef = 186FF0D91FF771BD0047B87F /* MyReportsTableViewController.swift */; };
		186FF0E91FF78A250047B87F /* User+CoreDataClass.swift in Sources */ = {isa = PBXBuildFile; fileRef = 186FF0E71FF78A250047B87F /* User+CoreDataClass.swift */; };
		186FF0EA1FF78A250047B87F /* User+CoreDataProperties.swift in Sources */ = {isa = PBXBuildFile; fileRef = 186FF0E81FF78A250047B87F /* User+CoreDataProperties.swift */; };
		186FF0EC1FF85CFC0047B87F /* AvailableLocationsViewController.swift in Sources */ = {isa = PBXBuildFile; fileRef = 186FF0EB1FF85CFC0047B87F /* AvailableLocationsViewController.swift */; };
		189BC41C1FE4E50600838437 /* DataService.swift in Sources */ = {isa = PBXBuildFile; fileRef = 189BC41B1FE4E50500838437 /* DataService.swift */; };
		189BC41E1FE4FB3900838437 /* DataServiceTest.swift in Sources */ = {isa = PBXBuildFile; fileRef = 189BC41D1FE4FB3900838437 /* DataServiceTest.swift */; };
		18BEC3121FF8704D00551B50 /* CustomCalloutView.swift in Sources */ = {isa = PBXBuildFile; fileRef = 18BEC3111FF8704D00551B50 /* CustomCalloutView.swift */; };
		18BEC3161FF87D7000551B50 /* CustomAnnotationView.swift in Sources */ = {isa = PBXBuildFile; fileRef = 18BEC3151FF87D7000551B50 /* CustomAnnotationView.swift */; };
		18BEC3181FF8876000551B50 /* CustomCalloutView.xib in Resources */ = {isa = PBXBuildFile; fileRef = 18BEC3171FF8876000551B50 /* CustomCalloutView.xib */; };
		8F19DB943D9A93DDE42C8F31 /* Pods_EpidemicReporting.framework in Frameworks */ = {isa = PBXBuildFile; fileRef = 1D3B2FFC5E1A9B0AB6BF3C8D /* Pods_EpidemicReporting.framework */; };
		92C6B804B2760361DE9D9E37 /* Pods_EpidemicReportingTests.framework in Frameworks */ = {isa = PBXBuildFile; fileRef = C8138215E043E4DF9058EFC4 /* Pods_EpidemicReportingTests.framework */; };
		A529F0CB1FB6FCE800E4ADDC /* SelfCheckViewController.swift in Sources */ = {isa = PBXBuildFile; fileRef = A529F0CA1FB6FCE800E4ADDC /* SelfCheckViewController.swift */; };
		A529F0CE1FB70F7000E4ADDC /* SelfCheckProtocol.swift in Sources */ = {isa = PBXBuildFile; fileRef = A529F0CD1FB70F7000E4ADDC /* SelfCheckProtocol.swift */; };
		A529F0D71FB7288800E4ADDC /* NavigationController+Ext.swift in Sources */ = {isa = PBXBuildFile; fileRef = A529F0D61FB7288800E4ADDC /* NavigationController+Ext.swift */; };
		A529F0D91FB72AEA00E4ADDC /* UIColor+Ext.swift in Sources */ = {isa = PBXBuildFile; fileRef = A529F0D81FB72AEA00E4ADDC /* UIColor+Ext.swift */; };
		A529F0DB1FB7E22C00E4ADDC /* Common.swift in Sources */ = {isa = PBXBuildFile; fileRef = A529F0DA1FB7E22C00E4ADDC /* Common.swift */; };
		A529F0DD1FB9D23200E4ADDC /* ReportViewController.swift in Sources */ = {isa = PBXBuildFile; fileRef = A529F0DC1FB9D23200E4ADDC /* ReportViewController.swift */; };
		A529F0DF1FDD178B00E4ADDC /* AssetsViewController.swift in Sources */ = {isa = PBXBuildFile; fileRef = A529F0DE1FDD178B00E4ADDC /* AssetsViewController.swift */; };
		A529F0E31FDEBDDE00E4ADDC /* NetworkingAPIs.swift in Sources */ = {isa = PBXBuildFile; fileRef = A529F0E21FDEBDDE00E4ADDC /* NetworkingAPIs.swift */; };
		A56B8C481FEFBF3100303C02 /* LoginStoryboard.storyboard in Resources */ = {isa = PBXBuildFile; fileRef = A56B8C471FEFBF3100303C02 /* LoginStoryboard.storyboard */; };
		A56B8C4D1FEFD29900303C02 /* LoginViewController.swift in Sources */ = {isa = PBXBuildFile; fileRef = A56B8C4C1FEFD29900303C02 /* LoginViewController.swift */; };
		A56B8C4F1FEFDE6C00303C02 /* ResetPasswordViewController.swift in Sources */ = {isa = PBXBuildFile; fileRef = A56B8C4E1FEFDE6C00303C02 /* ResetPasswordViewController.swift */; };
		A56B8C511FF0B2D300303C02 /* LoadingHUD.swift in Sources */ = {isa = PBXBuildFile; fileRef = A56B8C501FF0B2D300303C02 /* LoadingHUD.swift */; };
		A56B8C531FF0B35400303C02 /* UIView+Ext.swift in Sources */ = {isa = PBXBuildFile; fileRef = A56B8C521FF0B35400303C02 /* UIView+Ext.swift */; };
		A57717AC1FE008BA00004188 /* UIBarButtonItem+Ext.swift in Sources */ = {isa = PBXBuildFile; fileRef = A57717AB1FE008BA00004188 /* UIBarButtonItem+Ext.swift */; };
		A57F8E211FF35EEA002EC92B /* PHAsset+Ext.swift in Sources */ = {isa = PBXBuildFile; fileRef = A57F8E201FF35EEA002EC92B /* PHAsset+Ext.swift */; };
		A57F8E231FF3BB66002EC92B /* BatchFilesUploading.swift in Sources */ = {isa = PBXBuildFile; fileRef = A57F8E221FF3BB66002EC92B /* BatchFilesUploading.swift */; };
		A57F8E301FF486A6002EC92B /* DutyReport+CoreDataClass.swift in Sources */ = {isa = PBXBuildFile; fileRef = A57F8E2E1FF486A6002EC92B /* DutyReport+CoreDataClass.swift */; };
		A57F8E311FF486A6002EC92B /* DutyReport+CoreDataProperties.swift in Sources */ = {isa = PBXBuildFile; fileRef = A57F8E2F1FF486A6002EC92B /* DutyReport+CoreDataProperties.swift */; };
		A57F8E331FF48936002EC92B /* ToastWindow.swift in Sources */ = {isa = PBXBuildFile; fileRef = A57F8E321FF48936002EC92B /* ToastWindow.swift */; };
		A57F8E381FF4C6A5002EC92B /* AdminReportsTableViewController.swift in Sources */ = {isa = PBXBuildFile; fileRef = A57F8E371FF4C6A5002EC92B /* AdminReportsTableViewController.swift */; };
		A57F8E3C1FF4D8BA002EC92B /* FilterTableViewController.swift in Sources */ = {isa = PBXBuildFile; fileRef = A57F8E3B1FF4D8BA002EC92B /* FilterTableViewController.swift */; };
		A57F8E3E1FF4E1ED002EC92B /* FilterTableViewCell.swift in Sources */ = {isa = PBXBuildFile; fileRef = A57F8E3D1FF4E1ED002EC92B /* FilterTableViewCell.swift */; };
		A57F8E411FF5CE7F002EC92B /* DutyDetailTableViewCell.swift in Sources */ = {isa = PBXBuildFile; fileRef = A57F8E401FF5CE7F002EC92B /* DutyDetailTableViewCell.swift */; };
		A57F8E451FF5DD3C002EC92B /* DutyStatusModel.swift in Sources */ = {isa = PBXBuildFile; fileRef = A57F8E441FF5DD3C002EC92B /* DutyStatusModel.swift */; };
		A5A902951FB47B1B00A6601F /* Networking.swift in Sources */ = {isa = PBXBuildFile; fileRef = A5A902941FB47B1B00A6601F /* Networking.swift */; };
		A5A902971FB4848200A6601F /* WebServiceAPIMapping.swift in Sources */ = {isa = PBXBuildFile; fileRef = A5A902961FB4848200A6601F /* WebServiceAPIMapping.swift */; };
		A5E3C95F1FB4960E000FAD71 /* LoginProtocol.swift in Sources */ = {isa = PBXBuildFile; fileRef = A5E3C95E1FB4960E000FAD71 /* LoginProtocol.swift */; };
		A5E3C9621FB498B8000FAD71 /* SelfCheck.storyboard in Resources */ = {isa = PBXBuildFile; fileRef = A5E3C9611FB498B8000FAD71 /* SelfCheck.storyboard */; };
		A5E3C9661FB49989000FAD71 /* Report.storyboard in Resources */ = {isa = PBXBuildFile; fileRef = A5E3C9641FB49989000FAD71 /* Report.storyboard */; };
		A5E3C9701FB499F1000FAD71 /* Message.storyboard in Resources */ = {isa = PBXBuildFile; fileRef = A5E3C96E1FB499F1000FAD71 /* Message.storyboard */; };
		A5E3C9751FB49A34000FAD71 /* ReportList.storyboard in Resources */ = {isa = PBXBuildFile; fileRef = A5E3C9731FB49A34000FAD71 /* ReportList.storyboard */; };
		A5EB7FFA1FF1D7C1005D41B9 /* Pods_EpidemicReporting.framework in Frameworks */ = {isa = PBXBuildFile; fileRef = 1D3B2FFC5E1A9B0AB6BF3C8D /* Pods_EpidemicReporting.framework */; };
		A5EB7FFC1FF1EA0B005D41B9 /* DutyDetailsTableViewController.swift in Sources */ = {isa = PBXBuildFile; fileRef = A5EB7FFB1FF1EA0B005D41B9 /* DutyDetailsTableViewController.swift */; };
		A5EB7FFE1FF1ED19005D41B9 /* Utils.swift in Sources */ = {isa = PBXBuildFile; fileRef = A5EB7FFD1FF1ED19005D41B9 /* Utils.swift */; };
		A5EB80021FF1F25C005D41B9 /* CoreDataTableViewController.swift in Sources */ = {isa = PBXBuildFile; fileRef = A5EB80001FF1F25C005D41B9 /* CoreDataTableViewController.swift */; };
		A5EB80031FF1F25C005D41B9 /* CoreDataCollectionViewController.swift in Sources */ = {isa = PBXBuildFile; fileRef = A5EB80011FF1F25C005D41B9 /* CoreDataCollectionViewController.swift */; };
		A5EB80161FF21678005D41B9 /* ReportTableViewCell.swift in Sources */ = {isa = PBXBuildFile; fileRef = A5EB80141FF21678005D41B9 /* ReportTableViewCell.swift */; };
		A5EB80171FF21678005D41B9 /* ReportTableViewCell.xib in Resources */ = {isa = PBXBuildFile; fileRef = A5EB80151FF21678005D41B9 /* ReportTableViewCell.xib */; };
		A5EB80191FF2251C005D41B9 /* CoreDataUITest.swift in Sources */ = {isa = PBXBuildFile; fileRef = A5EB80181FF2251C005D41B9 /* CoreDataUITest.swift */; };
		A5EDA34C1FF32FFF00762380 /* LaunchScreen.storyboard in Resources */ = {isa = PBXBuildFile; fileRef = A5EDA34A1FF32FFF00762380 /* LaunchScreen.storyboard */; };
		A5EDA34D1FF32FFF00762380 /* Main.storyboard in Resources */ = {isa = PBXBuildFile; fileRef = A5EDA34B1FF32FFF00762380 /* Main.storyboard */; };
		A5EDA34E1FF3308000762380 /* Localizable.strings in Resources */ = {isa = PBXBuildFile; fileRef = A5EDA3501FF3308000762380 /* Localizable.strings */; };
		A5F24B8E1FB471720012EAF6 /* AppDelegate.swift in Sources */ = {isa = PBXBuildFile; fileRef = A5F24B8D1FB471720012EAF6 /* AppDelegate.swift */; };
		A5F24B961FB471720012EAF6 /* EpidemicReporting.xcdatamodeld in Sources */ = {isa = PBXBuildFile; fileRef = A5F24B941FB471720012EAF6 /* EpidemicReporting.xcdatamodeld */; };
		A5F24B981FB471720012EAF6 /* Assets.xcassets in Resources */ = {isa = PBXBuildFile; fileRef = A5F24B971FB471720012EAF6 /* Assets.xcassets */; };
		A5F24BA61FB471720012EAF6 /* EpidemicReportingTests.swift in Sources */ = {isa = PBXBuildFile; fileRef = A5F24BA51FB471720012EAF6 /* EpidemicReportingTests.swift */; };
		A5F24BB11FB471720012EAF6 /* EpidemicReportingUITests.swift in Sources */ = {isa = PBXBuildFile; fileRef = A5F24BB01FB471720012EAF6 /* EpidemicReportingUITests.swift */; };
/* End PBXBuildFile section */

/* Begin PBXContainerItemProxy section */
		A5F24BA21FB471720012EAF6 /* PBXContainerItemProxy */ = {
			isa = PBXContainerItemProxy;
			containerPortal = A5F24B821FB471720012EAF6 /* Project object */;
			proxyType = 1;
			remoteGlobalIDString = A5F24B891FB471720012EAF6;
			remoteInfo = EpidemicReporting;
		};
		A5F24BAD1FB471720012EAF6 /* PBXContainerItemProxy */ = {
			isa = PBXContainerItemProxy;
			containerPortal = A5F24B821FB471720012EAF6 /* Project object */;
			proxyType = 1;
			remoteGlobalIDString = A5F24B891FB471720012EAF6;
			remoteInfo = EpidemicReporting;
		};
/* End PBXContainerItemProxy section */

/* Begin PBXFileReference section */
		186FF0D91FF771BD0047B87F /* MyReportsTableViewController.swift */ = {isa = PBXFileReference; lastKnownFileType = sourcecode.swift; path = MyReportsTableViewController.swift; sourceTree = "<group>"; };
		186FF0E71FF78A250047B87F /* User+CoreDataClass.swift */ = {isa = PBXFileReference; lastKnownFileType = sourcecode.swift; path = "User+CoreDataClass.swift"; sourceTree = "<group>"; };
		186FF0E81FF78A250047B87F /* User+CoreDataProperties.swift */ = {isa = PBXFileReference; lastKnownFileType = sourcecode.swift; path = "User+CoreDataProperties.swift"; sourceTree = "<group>"; };
		186FF0EB1FF85CFC0047B87F /* AvailableLocationsViewController.swift */ = {isa = PBXFileReference; lastKnownFileType = sourcecode.swift; path = AvailableLocationsViewController.swift; sourceTree = "<group>"; };
		189BC41B1FE4E50500838437 /* DataService.swift */ = {isa = PBXFileReference; fileEncoding = 4; lastKnownFileType = sourcecode.swift; path = DataService.swift; sourceTree = "<group>"; };
		189BC41D1FE4FB3900838437 /* DataServiceTest.swift */ = {isa = PBXFileReference; lastKnownFileType = sourcecode.swift; path = DataServiceTest.swift; sourceTree = "<group>"; };
		18BEC3111FF8704D00551B50 /* CustomCalloutView.swift */ = {isa = PBXFileReference; lastKnownFileType = sourcecode.swift; path = CustomCalloutView.swift; sourceTree = "<group>"; };
		18BEC3151FF87D7000551B50 /* CustomAnnotationView.swift */ = {isa = PBXFileReference; lastKnownFileType = sourcecode.swift; path = CustomAnnotationView.swift; sourceTree = "<group>"; };
		18BEC3171FF8876000551B50 /* CustomCalloutView.xib */ = {isa = PBXFileReference; lastKnownFileType = file.xib; path = CustomCalloutView.xib; sourceTree = "<group>"; };
		1D3B2FFC5E1A9B0AB6BF3C8D /* Pods_EpidemicReporting.framework */ = {isa = PBXFileReference; explicitFileType = wrapper.framework; includeInIndex = 0; path = Pods_EpidemicReporting.framework; sourceTree = BUILT_PRODUCTS_DIR; };
		9163467D287CE964544335DC /* Pods-EpidemicReporting.release.xcconfig */ = {isa = PBXFileReference; includeInIndex = 1; lastKnownFileType = text.xcconfig; name = "Pods-EpidemicReporting.release.xcconfig"; path = "Pods/Target Support Files/Pods-EpidemicReporting/Pods-EpidemicReporting.release.xcconfig"; sourceTree = "<group>"; };
		A529F0C91FB6F11600E4ADDC /* EpidemicReporting-Bridging-Header.h */ = {isa = PBXFileReference; lastKnownFileType = sourcecode.c.h; path = "EpidemicReporting-Bridging-Header.h"; sourceTree = "<group>"; };
		A529F0CA1FB6FCE800E4ADDC /* SelfCheckViewController.swift */ = {isa = PBXFileReference; lastKnownFileType = sourcecode.swift; path = SelfCheckViewController.swift; sourceTree = "<group>"; };
		A529F0CD1FB70F7000E4ADDC /* SelfCheckProtocol.swift */ = {isa = PBXFileReference; lastKnownFileType = sourcecode.swift; path = SelfCheckProtocol.swift; sourceTree = "<group>"; };
		A529F0CF1FB7198D00E4ADDC /* AMapLocationKit.framework */ = {isa = PBXFileReference; lastKnownFileType = wrapper.framework; name = AMapLocationKit.framework; path = Pods/AMapLocation/AMapLocationKit.framework; sourceTree = "<group>"; };
		A529F0D11FB7199F00E4ADDC /* AMapFoundationKit */ = {isa = PBXFileReference; lastKnownFileType = archive.ar; name = AMapFoundationKit; path = Pods/AMapFoundation/AMapFoundationKit.framework/AMapFoundationKit; sourceTree = "<group>"; };
		A529F0D31FB719AE00E4ADDC /* AMapFoundationKit.framework */ = {isa = PBXFileReference; lastKnownFileType = wrapper.framework; name = AMapFoundationKit.framework; path = Pods/AMapFoundation/AMapFoundationKit.framework; sourceTree = "<group>"; };
		A529F0D61FB7288800E4ADDC /* NavigationController+Ext.swift */ = {isa = PBXFileReference; lastKnownFileType = sourcecode.swift; path = "NavigationController+Ext.swift"; sourceTree = "<group>"; };
		A529F0D81FB72AEA00E4ADDC /* UIColor+Ext.swift */ = {isa = PBXFileReference; lastKnownFileType = sourcecode.swift; name = "UIColor+Ext.swift"; path = "EpidemicReporting/UIColor+Ext.swift"; sourceTree = SOURCE_ROOT; };
		A529F0DA1FB7E22C00E4ADDC /* Common.swift */ = {isa = PBXFileReference; lastKnownFileType = sourcecode.swift; path = Common.swift; sourceTree = "<group>"; };
		A529F0DC1FB9D23200E4ADDC /* ReportViewController.swift */ = {isa = PBXFileReference; lastKnownFileType = sourcecode.swift; path = ReportViewController.swift; sourceTree = "<group>"; };
		A529F0DE1FDD178B00E4ADDC /* AssetsViewController.swift */ = {isa = PBXFileReference; lastKnownFileType = sourcecode.swift; path = AssetsViewController.swift; sourceTree = "<group>"; };
		A529F0E21FDEBDDE00E4ADDC /* NetworkingAPIs.swift */ = {isa = PBXFileReference; lastKnownFileType = sourcecode.swift; path = NetworkingAPIs.swift; sourceTree = "<group>"; };
		A56B8C471FEFBF3100303C02 /* LoginStoryboard.storyboard */ = {isa = PBXFileReference; lastKnownFileType = file.storyboard; path = LoginStoryboard.storyboard; sourceTree = "<group>"; };
		A56B8C4C1FEFD29900303C02 /* LoginViewController.swift */ = {isa = PBXFileReference; lastKnownFileType = sourcecode.swift; path = LoginViewController.swift; sourceTree = "<group>"; };
		A56B8C4E1FEFDE6C00303C02 /* ResetPasswordViewController.swift */ = {isa = PBXFileReference; lastKnownFileType = sourcecode.swift; path = ResetPasswordViewController.swift; sourceTree = "<group>"; };
		A56B8C501FF0B2D300303C02 /* LoadingHUD.swift */ = {isa = PBXFileReference; fileEncoding = 4; lastKnownFileType = sourcecode.swift; path = LoadingHUD.swift; sourceTree = "<group>"; };
		A56B8C521FF0B35400303C02 /* UIView+Ext.swift */ = {isa = PBXFileReference; fileEncoding = 4; lastKnownFileType = sourcecode.swift; path = "UIView+Ext.swift"; sourceTree = "<group>"; };
		A57717AB1FE008BA00004188 /* UIBarButtonItem+Ext.swift */ = {isa = PBXFileReference; fileEncoding = 4; lastKnownFileType = sourcecode.swift; path = "UIBarButtonItem+Ext.swift"; sourceTree = "<group>"; };
		A57F8E201FF35EEA002EC92B /* PHAsset+Ext.swift */ = {isa = PBXFileReference; lastKnownFileType = sourcecode.swift; path = "PHAsset+Ext.swift"; sourceTree = "<group>"; };
		A57F8E221FF3BB66002EC92B /* BatchFilesUploading.swift */ = {isa = PBXFileReference; lastKnownFileType = sourcecode.swift; path = BatchFilesUploading.swift; sourceTree = "<group>"; };
		A57F8E2E1FF486A6002EC92B /* DutyReport+CoreDataClass.swift */ = {isa = PBXFileReference; lastKnownFileType = sourcecode.swift; path = "DutyReport+CoreDataClass.swift"; sourceTree = "<group>"; };
		A57F8E2F1FF486A6002EC92B /* DutyReport+CoreDataProperties.swift */ = {isa = PBXFileReference; lastKnownFileType = sourcecode.swift; path = "DutyReport+CoreDataProperties.swift"; sourceTree = "<group>"; };
		A57F8E321FF48936002EC92B /* ToastWindow.swift */ = {isa = PBXFileReference; fileEncoding = 4; lastKnownFileType = sourcecode.swift; path = ToastWindow.swift; sourceTree = "<group>"; };
		A57F8E371FF4C6A5002EC92B /* AdminReportsTableViewController.swift */ = {isa = PBXFileReference; fileEncoding = 4; lastKnownFileType = sourcecode.swift; path = AdminReportsTableViewController.swift; sourceTree = "<group>"; };
		A57F8E3B1FF4D8BA002EC92B /* FilterTableViewController.swift */ = {isa = PBXFileReference; lastKnownFileType = sourcecode.swift; path = FilterTableViewController.swift; sourceTree = "<group>"; };
		A57F8E3D1FF4E1ED002EC92B /* FilterTableViewCell.swift */ = {isa = PBXFileReference; lastKnownFileType = sourcecode.swift; path = FilterTableViewCell.swift; sourceTree = "<group>"; };
		A57F8E401FF5CE7F002EC92B /* DutyDetailTableViewCell.swift */ = {isa = PBXFileReference; lastKnownFileType = sourcecode.swift; path = DutyDetailTableViewCell.swift; sourceTree = "<group>"; };
		A57F8E441FF5DD3C002EC92B /* DutyStatusModel.swift */ = {isa = PBXFileReference; lastKnownFileType = sourcecode.swift; path = DutyStatusModel.swift; sourceTree = "<group>"; };
		A5A902941FB47B1B00A6601F /* Networking.swift */ = {isa = PBXFileReference; lastKnownFileType = sourcecode.swift; path = Networking.swift; sourceTree = "<group>"; };
		A5A902961FB4848200A6601F /* WebServiceAPIMapping.swift */ = {isa = PBXFileReference; lastKnownFileType = sourcecode.swift; path = WebServiceAPIMapping.swift; sourceTree = "<group>"; };
		A5E3C95E1FB4960E000FAD71 /* LoginProtocol.swift */ = {isa = PBXFileReference; lastKnownFileType = sourcecode.swift; path = LoginProtocol.swift; sourceTree = "<group>"; };
		A5E3C9611FB498B8000FAD71 /* SelfCheck.storyboard */ = {isa = PBXFileReference; fileEncoding = 4; lastKnownFileType = file.storyboard; path = SelfCheck.storyboard; sourceTree = "<group>"; };
		A5E3C9641FB49989000FAD71 /* Report.storyboard */ = {isa = PBXFileReference; fileEncoding = 4; lastKnownFileType = file.storyboard; path = Report.storyboard; sourceTree = "<group>"; };
		A5E3C96E1FB499F1000FAD71 /* Message.storyboard */ = {isa = PBXFileReference; fileEncoding = 4; lastKnownFileType = file.storyboard; path = Message.storyboard; sourceTree = "<group>"; };
		A5E3C9731FB49A34000FAD71 /* ReportList.storyboard */ = {isa = PBXFileReference; fileEncoding = 4; lastKnownFileType = file.storyboard; path = ReportList.storyboard; sourceTree = "<group>"; };
		A5EB7FDD1FF1D64D005D41B9 /* Sync.framework */ = {isa = PBXFileReference; explicitFileType = wrapper.framework; path = Sync.framework; sourceTree = BUILT_PRODUCTS_DIR; };
		A5EB7FEC1FF1D7C1005D41B9 /* Alamofire.framework */ = {isa = PBXFileReference; explicitFileType = wrapper.framework; path = Alamofire.framework; sourceTree = BUILT_PRODUCTS_DIR; };
		A5EB7FED1FF1D7C1005D41B9 /* AssetsPickerViewController.framework */ = {isa = PBXFileReference; explicitFileType = wrapper.framework; path = AssetsPickerViewController.framework; sourceTree = BUILT_PRODUCTS_DIR; };
		A5EB7FEE1FF1D7C1005D41B9 /* DATAStack.framework */ = {isa = PBXFileReference; explicitFileType = wrapper.framework; path = DATAStack.framework; sourceTree = BUILT_PRODUCTS_DIR; };
		A5EB7FEF1FF1D7C1005D41B9 /* Dimmer.framework */ = {isa = PBXFileReference; explicitFileType = wrapper.framework; path = Dimmer.framework; sourceTree = BUILT_PRODUCTS_DIR; };
		A5EB7FF01FF1D7C1005D41B9 /* FadeView.framework */ = {isa = PBXFileReference; explicitFileType = wrapper.framework; path = FadeView.framework; sourceTree = BUILT_PRODUCTS_DIR; };
		A5EB7FF11FF1D7C1005D41B9 /* FSCalendar.framework */ = {isa = PBXFileReference; explicitFileType = wrapper.framework; path = FSCalendar.framework; sourceTree = BUILT_PRODUCTS_DIR; };
		A5EB7FF21FF1D7C1005D41B9 /* INSPhotoGallery.framework */ = {isa = PBXFileReference; explicitFileType = wrapper.framework; path = INSPhotoGallery.framework; sourceTree = BUILT_PRODUCTS_DIR; };
		A5EB7FF31FF1D7C1005D41B9 /* KeychainAccess.framework */ = {isa = PBXFileReference; explicitFileType = wrapper.framework; path = KeychainAccess.framework; sourceTree = BUILT_PRODUCTS_DIR; };
		A5EB7FF41FF1D7C1005D41B9 /* PureLayout.framework */ = {isa = PBXFileReference; explicitFileType = wrapper.framework; path = PureLayout.framework; sourceTree = BUILT_PRODUCTS_DIR; };
		A5EB7FF51FF1D7C1005D41B9 /* Regex.framework */ = {isa = PBXFileReference; explicitFileType = wrapper.framework; path = Regex.framework; sourceTree = BUILT_PRODUCTS_DIR; };
		A5EB7FF61FF1D7C1005D41B9 /* SwiftARGB.framework */ = {isa = PBXFileReference; explicitFileType = wrapper.framework; path = SwiftARGB.framework; sourceTree = BUILT_PRODUCTS_DIR; };
		A5EB7FF71FF1D7C1005D41B9 /* SwiftyJSON.framework */ = {isa = PBXFileReference; explicitFileType = wrapper.framework; path = SwiftyJSON.framework; sourceTree = BUILT_PRODUCTS_DIR; };
		A5EB7FF81FF1D7C1005D41B9 /* TinyLog.framework */ = {isa = PBXFileReference; explicitFileType = wrapper.framework; path = TinyLog.framework; sourceTree = BUILT_PRODUCTS_DIR; };
		A5EB7FF91FF1D7C1005D41B9 /* UIViewKVO.framework */ = {isa = PBXFileReference; explicitFileType = wrapper.framework; path = UIViewKVO.framework; sourceTree = BUILT_PRODUCTS_DIR; };
		A5EB7FFB1FF1EA0B005D41B9 /* DutyDetailsTableViewController.swift */ = {isa = PBXFileReference; lastKnownFileType = sourcecode.swift; path = DutyDetailsTableViewController.swift; sourceTree = "<group>"; };
		A5EB7FFD1FF1ED19005D41B9 /* Utils.swift */ = {isa = PBXFileReference; lastKnownFileType = sourcecode.swift; path = Utils.swift; sourceTree = "<group>"; };
		A5EB80001FF1F25C005D41B9 /* CoreDataTableViewController.swift */ = {isa = PBXFileReference; fileEncoding = 4; lastKnownFileType = sourcecode.swift; path = CoreDataTableViewController.swift; sourceTree = "<group>"; };
		A5EB80011FF1F25C005D41B9 /* CoreDataCollectionViewController.swift */ = {isa = PBXFileReference; fileEncoding = 4; lastKnownFileType = sourcecode.swift; path = CoreDataCollectionViewController.swift; sourceTree = "<group>"; };
		A5EB80141FF21678005D41B9 /* ReportTableViewCell.swift */ = {isa = PBXFileReference; lastKnownFileType = sourcecode.swift; path = ReportTableViewCell.swift; sourceTree = "<group>"; };
		A5EB80151FF21678005D41B9 /* ReportTableViewCell.xib */ = {isa = PBXFileReference; lastKnownFileType = file.xib; path = ReportTableViewCell.xib; sourceTree = "<group>"; };
		A5EB80181FF2251C005D41B9 /* CoreDataUITest.swift */ = {isa = PBXFileReference; lastKnownFileType = sourcecode.swift; path = CoreDataUITest.swift; sourceTree = "<group>"; };
		A5EDA34A1FF32FFF00762380 /* LaunchScreen.storyboard */ = {isa = PBXFileReference; fileEncoding = 4; lastKnownFileType = file.storyboard; path = LaunchScreen.storyboard; sourceTree = "<group>"; };
		A5EDA34B1FF32FFF00762380 /* Main.storyboard */ = {isa = PBXFileReference; fileEncoding = 4; lastKnownFileType = file.storyboard; path = Main.storyboard; sourceTree = "<group>"; };
		A5EDA34F1FF3308000762380 /* en */ = {isa = PBXFileReference; lastKnownFileType = text.plist.strings; name = en; path = en.lproj/Localizable.strings; sourceTree = "<group>"; };
		A5EDA3511FF330AB00762380 /* zh-Hans */ = {isa = PBXFileReference; lastKnownFileType = text.plist.strings; name = "zh-Hans"; path = "zh-Hans.lproj/Localizable.strings"; sourceTree = "<group>"; };
		A5F24B8A1FB471720012EAF6 /* EpidemicReporting.app */ = {isa = PBXFileReference; explicitFileType = wrapper.application; includeInIndex = 0; path = EpidemicReporting.app; sourceTree = BUILT_PRODUCTS_DIR; };
		A5F24B8D1FB471720012EAF6 /* AppDelegate.swift */ = {isa = PBXFileReference; lastKnownFileType = sourcecode.swift; path = AppDelegate.swift; sourceTree = "<group>"; };
		A5F24B951FB471720012EAF6 /* EpidemicReporting.xcdatamodel */ = {isa = PBXFileReference; lastKnownFileType = wrapper.xcdatamodel; path = EpidemicReporting.xcdatamodel; sourceTree = "<group>"; };
		A5F24B971FB471720012EAF6 /* Assets.xcassets */ = {isa = PBXFileReference; lastKnownFileType = folder.assetcatalog; path = Assets.xcassets; sourceTree = "<group>"; };
		A5F24B9C1FB471720012EAF6 /* Info.plist */ = {isa = PBXFileReference; lastKnownFileType = text.plist.xml; path = Info.plist; sourceTree = "<group>"; };
		A5F24BA11FB471720012EAF6 /* EpidemicReportingTests.xctest */ = {isa = PBXFileReference; explicitFileType = wrapper.cfbundle; includeInIndex = 0; path = EpidemicReportingTests.xctest; sourceTree = BUILT_PRODUCTS_DIR; };
		A5F24BA51FB471720012EAF6 /* EpidemicReportingTests.swift */ = {isa = PBXFileReference; lastKnownFileType = sourcecode.swift; path = EpidemicReportingTests.swift; sourceTree = "<group>"; };
		A5F24BA71FB471720012EAF6 /* Info.plist */ = {isa = PBXFileReference; lastKnownFileType = text.plist.xml; path = Info.plist; sourceTree = "<group>"; };
		A5F24BAC1FB471720012EAF6 /* EpidemicReportingUITests.xctest */ = {isa = PBXFileReference; explicitFileType = wrapper.cfbundle; includeInIndex = 0; path = EpidemicReportingUITests.xctest; sourceTree = BUILT_PRODUCTS_DIR; };
		A5F24BB01FB471720012EAF6 /* EpidemicReportingUITests.swift */ = {isa = PBXFileReference; lastKnownFileType = sourcecode.swift; path = EpidemicReportingUITests.swift; sourceTree = "<group>"; };
		A5F24BB21FB471720012EAF6 /* Info.plist */ = {isa = PBXFileReference; lastKnownFileType = text.plist.xml; path = Info.plist; sourceTree = "<group>"; };
		AF42C819E775FD7E8170ADB6 /* Pods-EpidemicReporting.debug.xcconfig */ = {isa = PBXFileReference; includeInIndex = 1; lastKnownFileType = text.xcconfig; name = "Pods-EpidemicReporting.debug.xcconfig"; path = "Pods/Target Support Files/Pods-EpidemicReporting/Pods-EpidemicReporting.debug.xcconfig"; sourceTree = "<group>"; };
		BAA836756B09BD4C9F6E16E3 /* Pods-EpidemicReportingTests.release.xcconfig */ = {isa = PBXFileReference; includeInIndex = 1; lastKnownFileType = text.xcconfig; name = "Pods-EpidemicReportingTests.release.xcconfig"; path = "Pods/Target Support Files/Pods-EpidemicReportingTests/Pods-EpidemicReportingTests.release.xcconfig"; sourceTree = "<group>"; };
		C8138215E043E4DF9058EFC4 /* Pods_EpidemicReportingTests.framework */ = {isa = PBXFileReference; explicitFileType = wrapper.framework; includeInIndex = 0; path = Pods_EpidemicReportingTests.framework; sourceTree = BUILT_PRODUCTS_DIR; };
		DAE1D2F75CE6352D6D3D930E /* Pods-EpidemicReportingTests.debug.xcconfig */ = {isa = PBXFileReference; includeInIndex = 1; lastKnownFileType = text.xcconfig; name = "Pods-EpidemicReportingTests.debug.xcconfig"; path = "Pods/Target Support Files/Pods-EpidemicReportingTests/Pods-EpidemicReportingTests.debug.xcconfig"; sourceTree = "<group>"; };
/* End PBXFileReference section */

/* Begin PBXFrameworksBuildPhase section */
		A5F24B871FB471720012EAF6 /* Frameworks */ = {
			isa = PBXFrameworksBuildPhase;
			buildActionMask = 2147483647;
			files = (
				8F19DB943D9A93DDE42C8F31 /* Pods_EpidemicReporting.framework in Frameworks */,
			);
			runOnlyForDeploymentPostprocessing = 0;
		};
		A5F24B9E1FB471720012EAF6 /* Frameworks */ = {
			isa = PBXFrameworksBuildPhase;
			buildActionMask = 2147483647;
			files = (
				A5EB7FFA1FF1D7C1005D41B9 /* Pods_EpidemicReporting.framework in Frameworks */,
				92C6B804B2760361DE9D9E37 /* Pods_EpidemicReportingTests.framework in Frameworks */,
			);
			runOnlyForDeploymentPostprocessing = 0;
		};
		A5F24BA91FB471720012EAF6 /* Frameworks */ = {
			isa = PBXFrameworksBuildPhase;
			buildActionMask = 2147483647;
			files = (
			);
			runOnlyForDeploymentPostprocessing = 0;
		};
/* End PBXFrameworksBuildPhase section */

/* Begin PBXGroup section */
		A529F0CC1FB70F3300E4ADDC /* Protocols */ = {
			isa = PBXGroup;
			children = (
				A529F0CD1FB70F7000E4ADDC /* SelfCheckProtocol.swift */,
			);
			path = Protocols;
			sourceTree = "<group>";
		};
		A529F0D51FB7281500E4ADDC /* CommonUI */ = {
			isa = PBXGroup;
			children = (
				A57F8E321FF48936002EC92B /* ToastWindow.swift */,
				A5EB80011FF1F25C005D41B9 /* CoreDataCollectionViewController.swift */,
				A5EB80001FF1F25C005D41B9 /* CoreDataTableViewController.swift */,
				A56B8C501FF0B2D300303C02 /* LoadingHUD.swift */,
				A529F0D61FB7288800E4ADDC /* NavigationController+Ext.swift */,
			);
			path = CommonUI;
			sourceTree = "<group>";
		};
		A57F8E341FF4C534002EC92B /* Controller */ = {
			isa = PBXGroup;
			children = (
				A57F8E371FF4C6A5002EC92B /* AdminReportsTableViewController.swift */,
				A57F8E3B1FF4D8BA002EC92B /* FilterTableViewController.swift */,
				186FF0EB1FF85CFC0047B87F /* AvailableLocationsViewController.swift */,
			);
			path = Controller;
			sourceTree = "<group>";
		};
		A5A902901FB47A6B00A6601F /* DataModel */ = {
			isa = PBXGroup;
			children = (
				186FF0E71FF78A250047B87F /* User+CoreDataClass.swift */,
				186FF0E81FF78A250047B87F /* User+CoreDataProperties.swift */,
				A57F8E2E1FF486A6002EC92B /* DutyReport+CoreDataClass.swift */,
				A57F8E2F1FF486A6002EC92B /* DutyReport+CoreDataProperties.swift */,
				189BC41B1FE4E50500838437 /* DataService.swift */,
				A5F24B941FB471720012EAF6 /* EpidemicReporting.xcdatamodeld */,
				A57F8E441FF5DD3C002EC92B /* DutyStatusModel.swift */,
			);
			path = DataModel;
			sourceTree = "<group>";
		};
		A5A902911FB47A6B00A6601F /* Networking */ = {
			isa = PBXGroup;
			children = (
				A5A902941FB47B1B00A6601F /* Networking.swift */,
				A5A902961FB4848200A6601F /* WebServiceAPIMapping.swift */,
				A529F0E21FDEBDDE00E4ADDC /* NetworkingAPIs.swift */,
			);
			path = Networking;
			sourceTree = "<group>";
		};
		A5A902921FB47A6B00A6601F /* Modules */ = {
			isa = PBXGroup;
			children = (
				A5E3C9771FB52436000FAD71 /* Application */,
				A5E3C9581FB49446000FAD71 /* Login */,
				A5E3C9551FB49430000FAD71 /* SelfCheck */,
				A5E3C9541FB49430000FAD71 /* Message */,
				A5E3C9571FB49430000FAD71 /* Report */,
				A5E3C9561FB49430000FAD71 /* ReportList */,
			);
			path = Modules;
			sourceTree = "<group>";
		};
		A5A902931FB47A6B00A6601F /* Utils */ = {
			isa = PBXGroup;
			children = (
				A56B8C521FF0B35400303C02 /* UIView+Ext.swift */,
				A57717AB1FE008BA00004188 /* UIBarButtonItem+Ext.swift */,
				A529F0D81FB72AEA00E4ADDC /* UIColor+Ext.swift */,
				A529F0DA1FB7E22C00E4ADDC /* Common.swift */,
				A5EB7FFD1FF1ED19005D41B9 /* Utils.swift */,
				A57F8E201FF35EEA002EC92B /* PHAsset+Ext.swift */,
				A57F8E221FF3BB66002EC92B /* BatchFilesUploading.swift */,
			);
			path = Utils;
			sourceTree = "<group>";
		};
		A5E3C9541FB49430000FAD71 /* Message */ = {
			isa = PBXGroup;
			children = (
				A5E3C96D1FB499F1000FAD71 /* View */,
			);
			path = Message;
			sourceTree = "<group>";
		};
		A5E3C9551FB49430000FAD71 /* SelfCheck */ = {
			isa = PBXGroup;
			children = (
				A529F0CC1FB70F3300E4ADDC /* Protocols */,
				A5E3C9601FB498B8000FAD71 /* View */,
			);
			path = SelfCheck;
			sourceTree = "<group>";
		};
		A5E3C9561FB49430000FAD71 /* ReportList */ = {
			isa = PBXGroup;
			children = (
				A57F8E341FF4C534002EC92B /* Controller */,
				A5E3C9721FB49A34000FAD71 /* View */,
			);
			path = ReportList;
			sourceTree = "<group>";
		};
		A5E3C9571FB49430000FAD71 /* Report */ = {
			isa = PBXGroup;
			children = (
				A5EB7FFF1FF1F1BF005D41B9 /* Controller */,
				A5E3C9631FB49989000FAD71 /* View */,
			);
			path = Report;
			sourceTree = "<group>";
		};
		A5E3C9581FB49446000FAD71 /* Login */ = {
			isa = PBXGroup;
			children = (
				A5E3C95B1FB495B7000FAD71 /* Protocols */,
				A5E3C9591FB495B7000FAD71 /* View */,
			);
			path = Login;
			sourceTree = "<group>";
		};
		A5E3C9591FB495B7000FAD71 /* View */ = {
			isa = PBXGroup;
			children = (
				A56B8C471FEFBF3100303C02 /* LoginStoryboard.storyboard */,
				A56B8C4C1FEFD29900303C02 /* LoginViewController.swift */,
				A56B8C4E1FEFDE6C00303C02 /* ResetPasswordViewController.swift */,
			);
			path = View;
			sourceTree = "<group>";
		};
		A5E3C95B1FB495B7000FAD71 /* Protocols */ = {
			isa = PBXGroup;
			children = (
				A5E3C95E1FB4960E000FAD71 /* LoginProtocol.swift */,
			);
			path = Protocols;
			sourceTree = "<group>";
		};
		A5E3C9601FB498B8000FAD71 /* View */ = {
			isa = PBXGroup;
			children = (
				A5E3C9611FB498B8000FAD71 /* SelfCheck.storyboard */,
				A529F0CA1FB6FCE800E4ADDC /* SelfCheckViewController.swift */,
			);
			path = View;
			sourceTree = "<group>";
		};
		A5E3C9631FB49989000FAD71 /* View */ = {
			isa = PBXGroup;
			children = (
				A5E3C9641FB49989000FAD71 /* Report.storyboard */,
				A5EB80141FF21678005D41B9 /* ReportTableViewCell.swift */,
				A5EB80151FF21678005D41B9 /* ReportTableViewCell.xib */,
				A57F8E401FF5CE7F002EC92B /* DutyDetailTableViewCell.swift */,
			);
			path = View;
			sourceTree = "<group>";
		};
		A5E3C96D1FB499F1000FAD71 /* View */ = {
			isa = PBXGroup;
			children = (
				A5E3C96E1FB499F1000FAD71 /* Message.storyboard */,
			);
			path = View;
			sourceTree = "<group>";
		};
		A5E3C9721FB49A34000FAD71 /* View */ = {
			isa = PBXGroup;
			children = (
				A5E3C9731FB49A34000FAD71 /* ReportList.storyboard */,
				A57F8E3D1FF4E1ED002EC92B /* FilterTableViewCell.swift */,
				18BEC3111FF8704D00551B50 /* CustomCalloutView.swift */,
				18BEC3151FF87D7000551B50 /* CustomAnnotationView.swift */,
				18BEC3171FF8876000551B50 /* CustomCalloutView.xib */,
			);
			path = View;
			sourceTree = "<group>";
		};
		A5E3C9771FB52436000FAD71 /* Application */ = {
			isa = PBXGroup;
			children = (
				A5EDA34A1FF32FFF00762380 /* LaunchScreen.storyboard */,
				A5EDA34B1FF32FFF00762380 /* Main.storyboard */,
				A5F24B8D1FB471720012EAF6 /* AppDelegate.swift */,
				A529F0C91FB6F11600E4ADDC /* EpidemicReporting-Bridging-Header.h */,
			);
			path = Application;
			sourceTree = "<group>";
		};
		A5EB7FFF1FF1F1BF005D41B9 /* Controller */ = {
			isa = PBXGroup;
			children = (
				A529F0DC1FB9D23200E4ADDC /* ReportViewController.swift */,
				A529F0DE1FDD178B00E4ADDC /* AssetsViewController.swift */,
				A5EB7FFB1FF1EA0B005D41B9 /* DutyDetailsTableViewController.swift */,
				186FF0D91FF771BD0047B87F /* MyReportsTableViewController.swift */,
			);
			path = Controller;
			sourceTree = "<group>";
		};
		A5EDA3301FF3247200762380 /* Translation */ = {
			isa = PBXGroup;
			children = (
				A5EDA3501FF3308000762380 /* Localizable.strings */,
			);
			path = Translation;
			sourceTree = "<group>";
		};
		A5F24B811FB471720012EAF6 = {
			isa = PBXGroup;
			children = (
				A5F24B8C1FB471720012EAF6 /* EpidemicReporting */,
				A5F24BA41FB471720012EAF6 /* EpidemicReportingTests */,
				A5F24BAF1FB471720012EAF6 /* EpidemicReportingUITests */,
				A5F24B8B1FB471720012EAF6 /* Products */,
				BA6F7E10DBA63EEF73FF7CB9 /* Pods */,
				B24806C2AD44BCE25C1A4048 /* Frameworks */,
			);
			sourceTree = "<group>";
		};
		A5F24B8B1FB471720012EAF6 /* Products */ = {
			isa = PBXGroup;
			children = (
				A5F24B8A1FB471720012EAF6 /* EpidemicReporting.app */,
				A5F24BA11FB471720012EAF6 /* EpidemicReportingTests.xctest */,
				A5F24BAC1FB471720012EAF6 /* EpidemicReportingUITests.xctest */,
			);
			name = Products;
			sourceTree = "<group>";
		};
		A5F24B8C1FB471720012EAF6 /* EpidemicReporting */ = {
			isa = PBXGroup;
			children = (
				A5EDA3301FF3247200762380 /* Translation */,
				A529F0D51FB7281500E4ADDC /* CommonUI */,
				A5A902901FB47A6B00A6601F /* DataModel */,
				A5A902921FB47A6B00A6601F /* Modules */,
				A5A902911FB47A6B00A6601F /* Networking */,
				A5A902931FB47A6B00A6601F /* Utils */,
				A5F24B971FB471720012EAF6 /* Assets.xcassets */,
				A5F24B9C1FB471720012EAF6 /* Info.plist */,
			);
			path = EpidemicReporting;
			sourceTree = "<group>";
		};
		A5F24BA41FB471720012EAF6 /* EpidemicReportingTests */ = {
			isa = PBXGroup;
			children = (
				A5F24BA51FB471720012EAF6 /* EpidemicReportingTests.swift */,
				A5F24BA71FB471720012EAF6 /* Info.plist */,
				189BC41D1FE4FB3900838437 /* DataServiceTest.swift */,
				A5EB80181FF2251C005D41B9 /* CoreDataUITest.swift */,
			);
			path = EpidemicReportingTests;
			sourceTree = "<group>";
		};
		A5F24BAF1FB471720012EAF6 /* EpidemicReportingUITests */ = {
			isa = PBXGroup;
			children = (
				A5F24BB01FB471720012EAF6 /* EpidemicReportingUITests.swift */,
				A5F24BB21FB471720012EAF6 /* Info.plist */,
			);
			path = EpidemicReportingUITests;
			sourceTree = "<group>";
		};
		B24806C2AD44BCE25C1A4048 /* Frameworks */ = {
			isa = PBXGroup;
			children = (
				A5EB7FEC1FF1D7C1005D41B9 /* Alamofire.framework */,
				A5EB7FED1FF1D7C1005D41B9 /* AssetsPickerViewController.framework */,
				A5EB7FEE1FF1D7C1005D41B9 /* DATAStack.framework */,
				A5EB7FEF1FF1D7C1005D41B9 /* Dimmer.framework */,
				A5EB7FF01FF1D7C1005D41B9 /* FadeView.framework */,
				A5EB7FF11FF1D7C1005D41B9 /* FSCalendar.framework */,
				A5EB7FF21FF1D7C1005D41B9 /* INSPhotoGallery.framework */,
				A5EB7FF31FF1D7C1005D41B9 /* KeychainAccess.framework */,
				A5EB7FF41FF1D7C1005D41B9 /* PureLayout.framework */,
				A5EB7FF51FF1D7C1005D41B9 /* Regex.framework */,
				A5EB7FF61FF1D7C1005D41B9 /* SwiftARGB.framework */,
				A5EB7FF71FF1D7C1005D41B9 /* SwiftyJSON.framework */,
				A5EB7FF81FF1D7C1005D41B9 /* TinyLog.framework */,
				A5EB7FF91FF1D7C1005D41B9 /* UIViewKVO.framework */,
				A5EB7FDD1FF1D64D005D41B9 /* Sync.framework */,
				A529F0D31FB719AE00E4ADDC /* AMapFoundationKit.framework */,
				A529F0D11FB7199F00E4ADDC /* AMapFoundationKit */,
				A529F0CF1FB7198D00E4ADDC /* AMapLocationKit.framework */,
				1D3B2FFC5E1A9B0AB6BF3C8D /* Pods_EpidemicReporting.framework */,
				C8138215E043E4DF9058EFC4 /* Pods_EpidemicReportingTests.framework */,
			);
			name = Frameworks;
			sourceTree = "<group>";
		};
		BA6F7E10DBA63EEF73FF7CB9 /* Pods */ = {
			isa = PBXGroup;
			children = (
				AF42C819E775FD7E8170ADB6 /* Pods-EpidemicReporting.debug.xcconfig */,
				9163467D287CE964544335DC /* Pods-EpidemicReporting.release.xcconfig */,
				DAE1D2F75CE6352D6D3D930E /* Pods-EpidemicReportingTests.debug.xcconfig */,
				BAA836756B09BD4C9F6E16E3 /* Pods-EpidemicReportingTests.release.xcconfig */,
			);
			name = Pods;
			sourceTree = "<group>";
		};
/* End PBXGroup section */

/* Begin PBXNativeTarget section */
		A5F24B891FB471720012EAF6 /* EpidemicReporting */ = {
			isa = PBXNativeTarget;
			buildConfigurationList = A5F24BB51FB471720012EAF6 /* Build configuration list for PBXNativeTarget "EpidemicReporting" */;
			buildPhases = (
				BED6C117BDA033324574C42D /* [CP] Check Pods Manifest.lock */,
				A5F24B861FB471720012EAF6 /* Sources */,
				A5F24B871FB471720012EAF6 /* Frameworks */,
				A5F24B881FB471720012EAF6 /* Resources */,
				916795E7150B679178221783 /* [CP] Embed Pods Frameworks */,
				76EC3EE6017B2FADC957F61D /* [CP] Copy Pods Resources */,
			);
			buildRules = (
			);
			dependencies = (
			);
			name = EpidemicReporting;
			productName = EpidemicReporting;
			productReference = A5F24B8A1FB471720012EAF6 /* EpidemicReporting.app */;
			productType = "com.apple.product-type.application";
		};
		A5F24BA01FB471720012EAF6 /* EpidemicReportingTests */ = {
			isa = PBXNativeTarget;
			buildConfigurationList = A5F24BB81FB471720012EAF6 /* Build configuration list for PBXNativeTarget "EpidemicReportingTests" */;
			buildPhases = (
				172E078AABCE64303871082B /* [CP] Check Pods Manifest.lock */,
				A5F24B9D1FB471720012EAF6 /* Sources */,
				A5F24B9E1FB471720012EAF6 /* Frameworks */,
				A5F24B9F1FB471720012EAF6 /* Resources */,
				894565BF08BDD6DFCAFE81A8 /* [CP] Embed Pods Frameworks */,
				2C60D201336D54190F814DB2 /* [CP] Copy Pods Resources */,
			);
			buildRules = (
			);
			dependencies = (
				A5F24BA31FB471720012EAF6 /* PBXTargetDependency */,
			);
			name = EpidemicReportingTests;
			productName = EpidemicReportingTests;
			productReference = A5F24BA11FB471720012EAF6 /* EpidemicReportingTests.xctest */;
			productType = "com.apple.product-type.bundle.unit-test";
		};
		A5F24BAB1FB471720012EAF6 /* EpidemicReportingUITests */ = {
			isa = PBXNativeTarget;
			buildConfigurationList = A5F24BBB1FB471720012EAF6 /* Build configuration list for PBXNativeTarget "EpidemicReportingUITests" */;
			buildPhases = (
				A5F24BA81FB471720012EAF6 /* Sources */,
				A5F24BA91FB471720012EAF6 /* Frameworks */,
				A5F24BAA1FB471720012EAF6 /* Resources */,
			);
			buildRules = (
			);
			dependencies = (
				A5F24BAE1FB471720012EAF6 /* PBXTargetDependency */,
			);
			name = EpidemicReportingUITests;
			productName = EpidemicReportingUITests;
			productReference = A5F24BAC1FB471720012EAF6 /* EpidemicReportingUITests.xctest */;
			productType = "com.apple.product-type.bundle.ui-testing";
		};
/* End PBXNativeTarget section */

/* Begin PBXProject section */
		A5F24B821FB471720012EAF6 /* Project object */ = {
			isa = PBXProject;
			attributes = {
				LastSwiftUpdateCheck = 0910;
				LastUpgradeCheck = 0910;
				ORGANIZATIONNAME = epidemicreporting.com;
				TargetAttributes = {
					A5F24B891FB471720012EAF6 = {
						CreatedOnToolsVersion = 9.1;
						ProvisioningStyle = Automatic;
					};
					A5F24BA01FB471720012EAF6 = {
						CreatedOnToolsVersion = 9.1;
						ProvisioningStyle = Automatic;
						TestTargetID = A5F24B891FB471720012EAF6;
					};
					A5F24BAB1FB471720012EAF6 = {
						CreatedOnToolsVersion = 9.1;
						ProvisioningStyle = Automatic;
						TestTargetID = A5F24B891FB471720012EAF6;
					};
				};
			};
			buildConfigurationList = A5F24B851FB471720012EAF6 /* Build configuration list for PBXProject "EpidemicReporting" */;
			compatibilityVersion = "Xcode 8.0";
			developmentRegion = en;
			hasScannedForEncodings = 0;
			knownRegions = (
				en,
				Base,
				"zh-Hans",
			);
			mainGroup = A5F24B811FB471720012EAF6;
			productRefGroup = A5F24B8B1FB471720012EAF6 /* Products */;
			projectDirPath = "";
			projectRoot = "";
			targets = (
				A5F24B891FB471720012EAF6 /* EpidemicReporting */,
				A5F24BA01FB471720012EAF6 /* EpidemicReportingTests */,
				A5F24BAB1FB471720012EAF6 /* EpidemicReportingUITests */,
			);
		};
/* End PBXProject section */

/* Begin PBXResourcesBuildPhase section */
		A5F24B881FB471720012EAF6 /* Resources */ = {
			isa = PBXResourcesBuildPhase;
			buildActionMask = 2147483647;
			files = (
				18BEC3181FF8876000551B50 /* CustomCalloutView.xib in Resources */,
				A5EDA34C1FF32FFF00762380 /* LaunchScreen.storyboard in Resources */,
				A5EDA34D1FF32FFF00762380 /* Main.storyboard in Resources */,
				A5F24B981FB471720012EAF6 /* Assets.xcassets in Resources */,
				A5EB80171FF21678005D41B9 /* ReportTableViewCell.xib in Resources */,
				A5E3C9621FB498B8000FAD71 /* SelfCheck.storyboard in Resources */,
				A56B8C481FEFBF3100303C02 /* LoginStoryboard.storyboard in Resources */,
				A5E3C9661FB49989000FAD71 /* Report.storyboard in Resources */,
				A5EDA34E1FF3308000762380 /* Localizable.strings in Resources */,
				A5E3C9701FB499F1000FAD71 /* Message.storyboard in Resources */,
				A5E3C9751FB49A34000FAD71 /* ReportList.storyboard in Resources */,
			);
			runOnlyForDeploymentPostprocessing = 0;
		};
		A5F24B9F1FB471720012EAF6 /* Resources */ = {
			isa = PBXResourcesBuildPhase;
			buildActionMask = 2147483647;
			files = (
			);
			runOnlyForDeploymentPostprocessing = 0;
		};
		A5F24BAA1FB471720012EAF6 /* Resources */ = {
			isa = PBXResourcesBuildPhase;
			buildActionMask = 2147483647;
			files = (
			);
			runOnlyForDeploymentPostprocessing = 0;
		};
/* End PBXResourcesBuildPhase section */

/* Begin PBXShellScriptBuildPhase section */
		172E078AABCE64303871082B /* [CP] Check Pods Manifest.lock */ = {
			isa = PBXShellScriptBuildPhase;
			buildActionMask = 2147483647;
			files = (
			);
			inputPaths = (
			);
			name = "[CP] Check Pods Manifest.lock";
			outputPaths = (
			);
			runOnlyForDeploymentPostprocessing = 0;
			shellPath = /bin/sh;
			shellScript = "diff \"${PODS_PODFILE_DIR_PATH}/Podfile.lock\" \"${PODS_ROOT}/Manifest.lock\" > /dev/null\nif [ $? != 0 ] ; then\n    # print error to STDERR\n    echo \"error: The sandbox is not in sync with the Podfile.lock. Run 'pod install' or update your CocoaPods installation.\" >&2\n    exit 1\nfi\n";
			showEnvVarsInLog = 0;
		};
		2C60D201336D54190F814DB2 /* [CP] Copy Pods Resources */ = {
			isa = PBXShellScriptBuildPhase;
			buildActionMask = 2147483647;
			files = (
			);
			inputPaths = (
			);
			name = "[CP] Copy Pods Resources";
			outputPaths = (
			);
			runOnlyForDeploymentPostprocessing = 0;
			shellPath = /bin/sh;
			shellScript = "\"${SRCROOT}/Pods/Target Support Files/Pods-EpidemicReportingTests/Pods-EpidemicReportingTests-resources.sh\"\n";
			showEnvVarsInLog = 0;
		};
		76EC3EE6017B2FADC957F61D /* [CP] Copy Pods Resources */ = {
			isa = PBXShellScriptBuildPhase;
			buildActionMask = 2147483647;
			files = (
			);
			inputPaths = (
			);
			name = "[CP] Copy Pods Resources";
			outputPaths = (
			);
			runOnlyForDeploymentPostprocessing = 0;
			shellPath = /bin/sh;
			shellScript = "\"${SRCROOT}/Pods/Target Support Files/Pods-EpidemicReporting/Pods-EpidemicReporting-resources.sh\"\n";
			showEnvVarsInLog = 0;
		};
		894565BF08BDD6DFCAFE81A8 /* [CP] Embed Pods Frameworks */ = {
			isa = PBXShellScriptBuildPhase;
			buildActionMask = 2147483647;
			files = (
			);
			inputPaths = (
			);
			name = "[CP] Embed Pods Frameworks";
			outputPaths = (
			);
			runOnlyForDeploymentPostprocessing = 0;
			shellPath = /bin/sh;
			shellScript = "\"${SRCROOT}/Pods/Target Support Files/Pods-EpidemicReportingTests/Pods-EpidemicReportingTests-frameworks.sh\"\n";
			showEnvVarsInLog = 0;
		};
		916795E7150B679178221783 /* [CP] Embed Pods Frameworks */ = {
			isa = PBXShellScriptBuildPhase;
			buildActionMask = 2147483647;
			files = (
			);
			inputPaths = (
			);
			name = "[CP] Embed Pods Frameworks";
			outputPaths = (
			);
			runOnlyForDeploymentPostprocessing = 0;
			shellPath = /bin/sh;
			shellScript = "\"${SRCROOT}/Pods/Target Support Files/Pods-EpidemicReporting/Pods-EpidemicReporting-frameworks.sh\"\n";
			showEnvVarsInLog = 0;
		};
		BED6C117BDA033324574C42D /* [CP] Check Pods Manifest.lock */ = {
			isa = PBXShellScriptBuildPhase;
			buildActionMask = 2147483647;
			files = (
			);
			inputPaths = (
			);
			name = "[CP] Check Pods Manifest.lock";
			outputPaths = (
			);
			runOnlyForDeploymentPostprocessing = 0;
			shellPath = /bin/sh;
			shellScript = "diff \"${PODS_PODFILE_DIR_PATH}/Podfile.lock\" \"${PODS_ROOT}/Manifest.lock\" > /dev/null\nif [ $? != 0 ] ; then\n    # print error to STDERR\n    echo \"error: The sandbox is not in sync with the Podfile.lock. Run 'pod install' or update your CocoaPods installation.\" >&2\n    exit 1\nfi\n";
			showEnvVarsInLog = 0;
		};
/* End PBXShellScriptBuildPhase section */

/* Begin PBXSourcesBuildPhase section */
		A5F24B861FB471720012EAF6 /* Sources */ = {
			isa = PBXSourcesBuildPhase;
			buildActionMask = 2147483647;
			files = (
				A57F8E381FF4C6A5002EC92B /* AdminReportsTableViewController.swift in Sources */,
				A5F24B961FB471720012EAF6 /* EpidemicReporting.xcdatamodeld in Sources */,
				A529F0E31FDEBDDE00E4ADDC /* NetworkingAPIs.swift in Sources */,
				A57F8E451FF5DD3C002EC92B /* DutyStatusModel.swift in Sources */,
				A57F8E411FF5CE7F002EC92B /* DutyDetailTableViewCell.swift in Sources */,
				A57F8E211FF35EEA002EC92B /* PHAsset+Ext.swift in Sources */,
				18BEC3161FF87D7000551B50 /* CustomAnnotationView.swift in Sources */,
				A56B8C4F1FEFDE6C00303C02 /* ResetPasswordViewController.swift in Sources */,
				A57F8E231FF3BB66002EC92B /* BatchFilesUploading.swift in Sources */,
				A529F0CB1FB6FCE800E4ADDC /* SelfCheckViewController.swift in Sources */,
				A529F0D71FB7288800E4ADDC /* NavigationController+Ext.swift in Sources */,
				A5EB7FFC1FF1EA0B005D41B9 /* DutyDetailsTableViewController.swift in Sources */,
				186FF0DA1FF771BD0047B87F /* MyReportsTableViewController.swift in Sources */,
				A529F0CE1FB70F7000E4ADDC /* SelfCheckProtocol.swift in Sources */,
				A56B8C531FF0B35400303C02 /* UIView+Ext.swift in Sources */,
				186FF0E91FF78A250047B87F /* User+CoreDataClass.swift in Sources */,
				A529F0DD1FB9D23200E4ADDC /* ReportViewController.swift in Sources */,
				A57F8E301FF486A6002EC92B /* DutyReport+CoreDataClass.swift in Sources */,
				186FF0EC1FF85CFC0047B87F /* AvailableLocationsViewController.swift in Sources */,
				189BC41C1FE4E50600838437 /* DataService.swift in Sources */,
				A5EB80021FF1F25C005D41B9 /* CoreDataTableViewController.swift in Sources */,
				A5A902971FB4848200A6601F /* WebServiceAPIMapping.swift in Sources */,
				A56B8C511FF0B2D300303C02 /* LoadingHUD.swift in Sources */,
				186FF0EA1FF78A250047B87F /* User+CoreDataProperties.swift in Sources */,
				A5F24B8E1FB471720012EAF6 /* AppDelegate.swift in Sources */,
				A529F0D91FB72AEA00E4ADDC /* UIColor+Ext.swift in Sources */,
				A5E3C95F1FB4960E000FAD71 /* LoginProtocol.swift in Sources */,
				A57F8E3C1FF4D8BA002EC92B /* FilterTableViewController.swift in Sources */,
				A57F8E311FF486A6002EC92B /* DutyReport+CoreDataProperties.swift in Sources */,
				A57F8E331FF48936002EC92B /* ToastWindow.swift in Sources */,
				A5EB80161FF21678005D41B9 /* ReportTableViewCell.swift in Sources */,
				A57717AC1FE008BA00004188 /* UIBarButtonItem+Ext.swift in Sources */,
				A56B8C4D1FEFD29900303C02 /* LoginViewController.swift in Sources */,
				A5EB80031FF1F25C005D41B9 /* CoreDataCollectionViewController.swift in Sources */,
				A5EB7FFE1FF1ED19005D41B9 /* Utils.swift in Sources */,
				18BEC3121FF8704D00551B50 /* CustomCalloutView.swift in Sources */,
				A529F0DB1FB7E22C00E4ADDC /* Common.swift in Sources */,
				A57F8E3E1FF4E1ED002EC92B /* FilterTableViewCell.swift in Sources */,
				A5A902951FB47B1B00A6601F /* Networking.swift in Sources */,
				A529F0DF1FDD178B00E4ADDC /* AssetsViewController.swift in Sources */,
			);
			runOnlyForDeploymentPostprocessing = 0;
		};
		A5F24B9D1FB471720012EAF6 /* Sources */ = {
			isa = PBXSourcesBuildPhase;
			buildActionMask = 2147483647;
			files = (
				A5F24BA61FB471720012EAF6 /* EpidemicReportingTests.swift in Sources */,
				189BC41E1FE4FB3900838437 /* DataServiceTest.swift in Sources */,
				A5EB80191FF2251C005D41B9 /* CoreDataUITest.swift in Sources */,
			);
			runOnlyForDeploymentPostprocessing = 0;
		};
		A5F24BA81FB471720012EAF6 /* Sources */ = {
			isa = PBXSourcesBuildPhase;
			buildActionMask = 2147483647;
			files = (
				A5F24BB11FB471720012EAF6 /* EpidemicReportingUITests.swift in Sources */,
			);
			runOnlyForDeploymentPostprocessing = 0;
		};
/* End PBXSourcesBuildPhase section */

/* Begin PBXTargetDependency section */
		A5F24BA31FB471720012EAF6 /* PBXTargetDependency */ = {
			isa = PBXTargetDependency;
			target = A5F24B891FB471720012EAF6 /* EpidemicReporting */;
			targetProxy = A5F24BA21FB471720012EAF6 /* PBXContainerItemProxy */;
		};
		A5F24BAE1FB471720012EAF6 /* PBXTargetDependency */ = {
			isa = PBXTargetDependency;
			target = A5F24B891FB471720012EAF6 /* EpidemicReporting */;
			targetProxy = A5F24BAD1FB471720012EAF6 /* PBXContainerItemProxy */;
		};
/* End PBXTargetDependency section */

/* Begin PBXVariantGroup section */
		A5EDA3501FF3308000762380 /* Localizable.strings */ = {
			isa = PBXVariantGroup;
			children = (
				A5EDA34F1FF3308000762380 /* en */,
				A5EDA3511FF330AB00762380 /* zh-Hans */,
			);
			name = Localizable.strings;
			sourceTree = "<group>";
		};
/* End PBXVariantGroup section */

/* Begin XCBuildConfiguration section */
		A5F24BB31FB471720012EAF6 /* Debug */ = {
			isa = XCBuildConfiguration;
			buildSettings = {
				ALWAYS_SEARCH_USER_PATHS = NO;
				CLANG_ANALYZER_LOCALIZABILITY_NONLOCALIZED = YES;
				CLANG_ANALYZER_NONNULL = YES;
				CLANG_ANALYZER_NUMBER_OBJECT_CONVERSION = YES_AGGRESSIVE;
				CLANG_CXX_LANGUAGE_STANDARD = "gnu++14";
				CLANG_CXX_LIBRARY = "libc++";
				CLANG_ENABLE_MODULES = YES;
				CLANG_ENABLE_OBJC_ARC = YES;
				CLANG_WARN_BLOCK_CAPTURE_AUTORELEASING = YES;
				CLANG_WARN_BOOL_CONVERSION = YES;
				CLANG_WARN_COMMA = YES;
				CLANG_WARN_CONSTANT_CONVERSION = YES;
				CLANG_WARN_DIRECT_OBJC_ISA_USAGE = YES_ERROR;
				CLANG_WARN_DOCUMENTATION_COMMENTS = YES;
				CLANG_WARN_EMPTY_BODY = YES;
				CLANG_WARN_ENUM_CONVERSION = YES;
				CLANG_WARN_INFINITE_RECURSION = YES;
				CLANG_WARN_INT_CONVERSION = YES;
				CLANG_WARN_NON_LITERAL_NULL_CONVERSION = YES;
				CLANG_WARN_OBJC_LITERAL_CONVERSION = YES;
				CLANG_WARN_OBJC_ROOT_CLASS = YES_ERROR;
				CLANG_WARN_RANGE_LOOP_ANALYSIS = YES;
				CLANG_WARN_STRICT_PROTOTYPES = YES;
				CLANG_WARN_SUSPICIOUS_MOVE = YES;
				CLANG_WARN_UNGUARDED_AVAILABILITY = YES_AGGRESSIVE;
				CLANG_WARN_UNREACHABLE_CODE = YES;
				CLANG_WARN__DUPLICATE_METHOD_MATCH = YES;
				CODE_SIGN_IDENTITY = "iPhone Developer";
				COPY_PHASE_STRIP = NO;
				DEBUG_INFORMATION_FORMAT = dwarf;
				ENABLE_STRICT_OBJC_MSGSEND = YES;
				ENABLE_TESTABILITY = YES;
				GCC_C_LANGUAGE_STANDARD = gnu11;
				GCC_DYNAMIC_NO_PIC = NO;
				GCC_NO_COMMON_BLOCKS = YES;
				GCC_OPTIMIZATION_LEVEL = 0;
				GCC_PREPROCESSOR_DEFINITIONS = (
					"DEBUG=1",
					"$(inherited)",
				);
				GCC_WARN_64_TO_32_BIT_CONVERSION = YES;
				GCC_WARN_ABOUT_RETURN_TYPE = YES_ERROR;
				GCC_WARN_UNDECLARED_SELECTOR = YES;
				GCC_WARN_UNINITIALIZED_AUTOS = YES_AGGRESSIVE;
				GCC_WARN_UNUSED_FUNCTION = YES;
				GCC_WARN_UNUSED_VARIABLE = YES;
				IPHONEOS_DEPLOYMENT_TARGET = 11.1;
				MTL_ENABLE_DEBUG_INFO = YES;
				ONLY_ACTIVE_ARCH = YES;
				SDKROOT = iphoneos;
				SWIFT_ACTIVE_COMPILATION_CONDITIONS = DEBUG;
				SWIFT_OPTIMIZATION_LEVEL = "-Onone";
			};
			name = Debug;
		};
		A5F24BB41FB471720012EAF6 /* Release */ = {
			isa = XCBuildConfiguration;
			buildSettings = {
				ALWAYS_SEARCH_USER_PATHS = NO;
				CLANG_ANALYZER_LOCALIZABILITY_NONLOCALIZED = YES;
				CLANG_ANALYZER_NONNULL = YES;
				CLANG_ANALYZER_NUMBER_OBJECT_CONVERSION = YES_AGGRESSIVE;
				CLANG_CXX_LANGUAGE_STANDARD = "gnu++14";
				CLANG_CXX_LIBRARY = "libc++";
				CLANG_ENABLE_MODULES = YES;
				CLANG_ENABLE_OBJC_ARC = YES;
				CLANG_WARN_BLOCK_CAPTURE_AUTORELEASING = YES;
				CLANG_WARN_BOOL_CONVERSION = YES;
				CLANG_WARN_COMMA = YES;
				CLANG_WARN_CONSTANT_CONVERSION = YES;
				CLANG_WARN_DIRECT_OBJC_ISA_USAGE = YES_ERROR;
				CLANG_WARN_DOCUMENTATION_COMMENTS = YES;
				CLANG_WARN_EMPTY_BODY = YES;
				CLANG_WARN_ENUM_CONVERSION = YES;
				CLANG_WARN_INFINITE_RECURSION = YES;
				CLANG_WARN_INT_CONVERSION = YES;
				CLANG_WARN_NON_LITERAL_NULL_CONVERSION = YES;
				CLANG_WARN_OBJC_LITERAL_CONVERSION = YES;
				CLANG_WARN_OBJC_ROOT_CLASS = YES_ERROR;
				CLANG_WARN_RANGE_LOOP_ANALYSIS = YES;
				CLANG_WARN_STRICT_PROTOTYPES = YES;
				CLANG_WARN_SUSPICIOUS_MOVE = YES;
				CLANG_WARN_UNGUARDED_AVAILABILITY = YES_AGGRESSIVE;
				CLANG_WARN_UNREACHABLE_CODE = YES;
				CLANG_WARN__DUPLICATE_METHOD_MATCH = YES;
				CODE_SIGN_IDENTITY = "iPhone Developer";
				COPY_PHASE_STRIP = NO;
				DEBUG_INFORMATION_FORMAT = "dwarf-with-dsym";
				ENABLE_NS_ASSERTIONS = NO;
				ENABLE_STRICT_OBJC_MSGSEND = YES;
				GCC_C_LANGUAGE_STANDARD = gnu11;
				GCC_NO_COMMON_BLOCKS = YES;
				GCC_WARN_64_TO_32_BIT_CONVERSION = YES;
				GCC_WARN_ABOUT_RETURN_TYPE = YES_ERROR;
				GCC_WARN_UNDECLARED_SELECTOR = YES;
				GCC_WARN_UNINITIALIZED_AUTOS = YES_AGGRESSIVE;
				GCC_WARN_UNUSED_FUNCTION = YES;
				GCC_WARN_UNUSED_VARIABLE = YES;
				IPHONEOS_DEPLOYMENT_TARGET = 11.1;
				MTL_ENABLE_DEBUG_INFO = NO;
				SDKROOT = iphoneos;
				SWIFT_OPTIMIZATION_LEVEL = "-Owholemodule";
				VALIDATE_PRODUCT = YES;
			};
			name = Release;
		};
		A5F24BB61FB471720012EAF6 /* Debug */ = {
			isa = XCBuildConfiguration;
			baseConfigurationReference = AF42C819E775FD7E8170ADB6 /* Pods-EpidemicReporting.debug.xcconfig */;
			buildSettings = {
				ASSETCATALOG_COMPILER_APPICON_NAME = AppIcon;
				CODE_SIGN_STYLE = Automatic;
				DEVELOPMENT_TEAM = PETKK2G752;
				FRAMEWORK_SEARCH_PATHS = (
					"$(inherited)",
					"$(PROJECT_DIR)/Pods/AMapLocation",
					"$(PROJECT_DIR)/Pods/AMapFoundation",
				);
				INFOPLIST_FILE = EpidemicReporting/Info.plist;
				IPHONEOS_DEPLOYMENT_TARGET = 10.0;
				LD_RUNPATH_SEARCH_PATHS = "$(inherited) @executable_path/Frameworks";
				LIBRARY_SEARCH_PATHS = (
					"$(inherited)",
					"$(PROJECT_DIR)/Pods/AMapFoundation/AMapFoundationKit.framework",
				);
				PRODUCT_BUNDLE_IDENTIFIER = epidemic.reporting.com.EpidemicReporting;
				PRODUCT_NAME = "$(TARGET_NAME)";
				SWIFT_OBJC_BRIDGING_HEADER = "EpidemicReporting/Modules/Application/EpidemicReporting-Bridging-Header.h";
				SWIFT_VERSION = 4.0;
				TARGETED_DEVICE_FAMILY = 1;
			};
			name = Debug;
		};
		A5F24BB71FB471720012EAF6 /* Release */ = {
			isa = XCBuildConfiguration;
			baseConfigurationReference = 9163467D287CE964544335DC /* Pods-EpidemicReporting.release.xcconfig */;
			buildSettings = {
				ASSETCATALOG_COMPILER_APPICON_NAME = AppIcon;
				CODE_SIGN_STYLE = Automatic;
				DEVELOPMENT_TEAM = PETKK2G752;
				FRAMEWORK_SEARCH_PATHS = (
					"$(inherited)",
					"$(PROJECT_DIR)/Pods/AMapLocation",
					"$(PROJECT_DIR)/Pods/AMapFoundation",
				);
				INFOPLIST_FILE = EpidemicReporting/Info.plist;
				IPHONEOS_DEPLOYMENT_TARGET = 10.0;
				LD_RUNPATH_SEARCH_PATHS = "$(inherited) @executable_path/Frameworks";
				LIBRARY_SEARCH_PATHS = (
					"$(inherited)",
					"$(PROJECT_DIR)/Pods/AMapFoundation/AMapFoundationKit.framework",
				);
				PRODUCT_BUNDLE_IDENTIFIER = epidemic.reporting.com.EpidemicReporting;
				PRODUCT_NAME = "$(TARGET_NAME)";
				SWIFT_OBJC_BRIDGING_HEADER = "EpidemicReporting/Modules/Application/EpidemicReporting-Bridging-Header.h";
				SWIFT_VERSION = 4.0;
				TARGETED_DEVICE_FAMILY = 1;
			};
			name = Release;
		};
		A5F24BB91FB471720012EAF6 /* Debug */ = {
			isa = XCBuildConfiguration;
			baseConfigurationReference = DAE1D2F75CE6352D6D3D930E /* Pods-EpidemicReportingTests.debug.xcconfig */;
			buildSettings = {
				ALWAYS_EMBED_SWIFT_STANDARD_LIBRARIES = YES;
				BUNDLE_LOADER = "$(TEST_HOST)";
				CODE_SIGN_STYLE = Automatic;
				DEVELOPMENT_TEAM = PETKK2G752;
				HEADER_SEARCH_PATHS = "";
				INFOPLIST_FILE = EpidemicReportingTests/Info.plist;
				LD_RUNPATH_SEARCH_PATHS = "$(inherited) @executable_path/Frameworks @loader_path/Frameworks";
				ONLY_ACTIVE_ARCH = NO;
				PRODUCT_BUNDLE_IDENTIFIER = epidemic.reporting.com.EpidemicReportingTests;
				PRODUCT_NAME = "$(TARGET_NAME)";
				SWIFT_VERSION = 4.0;
				TARGETED_DEVICE_FAMILY = "1,2";
				TEST_HOST = "$(BUILT_PRODUCTS_DIR)/EpidemicReporting.app/EpidemicReporting";
				VALID_ARCHS = "armv7 armv7s arm64";
			};
			name = Debug;
		};
		A5F24BBA1FB471720012EAF6 /* Release */ = {
			isa = XCBuildConfiguration;
			baseConfigurationReference = BAA836756B09BD4C9F6E16E3 /* Pods-EpidemicReportingTests.release.xcconfig */;
			buildSettings = {
				ALWAYS_EMBED_SWIFT_STANDARD_LIBRARIES = YES;
				BUNDLE_LOADER = "$(TEST_HOST)";
				CODE_SIGN_STYLE = Automatic;
				DEVELOPMENT_TEAM = PETKK2G752;
				HEADER_SEARCH_PATHS = "";
				INFOPLIST_FILE = EpidemicReportingTests/Info.plist;
				LD_RUNPATH_SEARCH_PATHS = "$(inherited) @executable_path/Frameworks @loader_path/Frameworks";
				ONLY_ACTIVE_ARCH = YES;
				PRODUCT_BUNDLE_IDENTIFIER = epidemic.reporting.com.EpidemicReportingTests;
				PRODUCT_NAME = "$(TARGET_NAME)";
				SWIFT_VERSION = 4.0;
				TARGETED_DEVICE_FAMILY = "1,2";
				TEST_HOST = "$(BUILT_PRODUCTS_DIR)/EpidemicReporting.app/EpidemicReporting";
				VALID_ARCHS = "armv7 armv7s arm64";
			};
			name = Release;
		};
		A5F24BBC1FB471720012EAF6 /* Debug */ = {
			isa = XCBuildConfiguration;
			buildSettings = {
				ALWAYS_EMBED_SWIFT_STANDARD_LIBRARIES = YES;
				CODE_SIGN_STYLE = Automatic;
				INFOPLIST_FILE = EpidemicReportingUITests/Info.plist;
				LD_RUNPATH_SEARCH_PATHS = "$(inherited) @executable_path/Frameworks @loader_path/Frameworks";
				PRODUCT_BUNDLE_IDENTIFIER = epidemic.reporting.com.EpidemicReportingUITests;
				PRODUCT_NAME = "$(TARGET_NAME)";
				SWIFT_VERSION = 4.0;
				TARGETED_DEVICE_FAMILY = "1,2";
				TEST_TARGET_NAME = EpidemicReporting;
			};
			name = Debug;
		};
		A5F24BBD1FB471720012EAF6 /* Release */ = {
			isa = XCBuildConfiguration;
			buildSettings = {
				ALWAYS_EMBED_SWIFT_STANDARD_LIBRARIES = YES;
				CODE_SIGN_STYLE = Automatic;
				INFOPLIST_FILE = EpidemicReportingUITests/Info.plist;
				LD_RUNPATH_SEARCH_PATHS = "$(inherited) @executable_path/Frameworks @loader_path/Frameworks";
				PRODUCT_BUNDLE_IDENTIFIER = epidemic.reporting.com.EpidemicReportingUITests;
				PRODUCT_NAME = "$(TARGET_NAME)";
				SWIFT_VERSION = 4.0;
				TARGETED_DEVICE_FAMILY = "1,2";
				TEST_TARGET_NAME = EpidemicReporting;
			};
			name = Release;
		};
/* End XCBuildConfiguration section */

/* Begin XCConfigurationList section */
		A5F24B851FB471720012EAF6 /* Build configuration list for PBXProject "EpidemicReporting" */ = {
			isa = XCConfigurationList;
			buildConfigurations = (
				A5F24BB31FB471720012EAF6 /* Debug */,
				A5F24BB41FB471720012EAF6 /* Release */,
			);
			defaultConfigurationIsVisible = 0;
			defaultConfigurationName = Release;
		};
		A5F24BB51FB471720012EAF6 /* Build configuration list for PBXNativeTarget "EpidemicReporting" */ = {
			isa = XCConfigurationList;
			buildConfigurations = (
				A5F24BB61FB471720012EAF6 /* Debug */,
				A5F24BB71FB471720012EAF6 /* Release */,
			);
			defaultConfigurationIsVisible = 0;
			defaultConfigurationName = Release;
		};
		A5F24BB81FB471720012EAF6 /* Build configuration list for PBXNativeTarget "EpidemicReportingTests" */ = {
			isa = XCConfigurationList;
			buildConfigurations = (
				A5F24BB91FB471720012EAF6 /* Debug */,
				A5F24BBA1FB471720012EAF6 /* Release */,
			);
			defaultConfigurationIsVisible = 0;
			defaultConfigurationName = Release;
		};
		A5F24BBB1FB471720012EAF6 /* Build configuration list for PBXNativeTarget "EpidemicReportingUITests" */ = {
			isa = XCConfigurationList;
			buildConfigurations = (
				A5F24BBC1FB471720012EAF6 /* Debug */,
				A5F24BBD1FB471720012EAF6 /* Release */,
			);
			defaultConfigurationIsVisible = 0;
			defaultConfigurationName = Release;
		};
/* End XCConfigurationList section */

/* Begin XCVersionGroup section */
		A5F24B941FB471720012EAF6 /* EpidemicReporting.xcdatamodeld */ = {
			isa = XCVersionGroup;
			children = (
				A5F24B951FB471720012EAF6 /* EpidemicReporting.xcdatamodel */,
			);
			currentVersion = A5F24B951FB471720012EAF6 /* EpidemicReporting.xcdatamodel */;
			path = EpidemicReporting.xcdatamodeld;
			sourceTree = "<group>";
			versionGroupType = wrapper.xcdatamodel;
		};
/* End XCVersionGroup section */
	};
	rootObject = A5F24B821FB471720012EAF6 /* Project object */;
}
